// !$*UTF8*$!
{
	archiveVersion = 1;
	classes = {
	};
	objectVersion = 55;
	objects = {

/* Begin PBXBuildFile section */
		2E99080028C7404100F84A2F /* remoteData.json in Resources */ = {isa = PBXBuildFile; fileRef = 2EB1585128C5E99800FBA086 /* remoteData.json */; };
		2EB1583928C5E80400FBA086 /* AppDelegate.swift in Sources */ = {isa = PBXBuildFile; fileRef = 2EB1583828C5E80400FBA086 /* AppDelegate.swift */; };
		2EB1583B28C5E80400FBA086 /* SceneDelegate.swift in Sources */ = {isa = PBXBuildFile; fileRef = 2EB1583A28C5E80400FBA086 /* SceneDelegate.swift */; };
		2EB1583D28C5E80400FBA086 /* ViewController.swift in Sources */ = {isa = PBXBuildFile; fileRef = 2EB1583C28C5E80400FBA086 /* ViewController.swift */; };
		2EB1584028C5E80400FBA086 /* Main.storyboard in Resources */ = {isa = PBXBuildFile; fileRef = 2EB1583E28C5E80400FBA086 /* Main.storyboard */; };
		2EB1584228C5E80600FBA086 /* Assets.xcassets in Resources */ = {isa = PBXBuildFile; fileRef = 2EB1584128C5E80600FBA086 /* Assets.xcassets */; };
		2EB1584528C5E80600FBA086 /* LaunchScreen.storyboard in Resources */ = {isa = PBXBuildFile; fileRef = 2EB1584328C5E80600FBA086 /* LaunchScreen.storyboard */; };
/* End PBXBuildFile section */

/* Begin PBXFileReference section */
		2EB1583528C5E80400FBA086 /* BuildPhraseScript.app */ = {isa = PBXFileReference; explicitFileType = wrapper.application; includeInIndex = 0; path = BuildPhraseScript.app; sourceTree = BUILT_PRODUCTS_DIR; };
		2EB1583828C5E80400FBA086 /* AppDelegate.swift */ = {isa = PBXFileReference; lastKnownFileType = sourcecode.swift; path = AppDelegate.swift; sourceTree = "<group>"; };
		2EB1583A28C5E80400FBA086 /* SceneDelegate.swift */ = {isa = PBXFileReference; lastKnownFileType = sourcecode.swift; path = SceneDelegate.swift; sourceTree = "<group>"; };
		2EB1583C28C5E80400FBA086 /* ViewController.swift */ = {isa = PBXFileReference; lastKnownFileType = sourcecode.swift; path = ViewController.swift; sourceTree = "<group>"; };
		2EB1583F28C5E80400FBA086 /* Base */ = {isa = PBXFileReference; lastKnownFileType = file.storyboard; name = Base; path = Base.lproj/Main.storyboard; sourceTree = "<group>"; };
		2EB1584128C5E80600FBA086 /* Assets.xcassets */ = {isa = PBXFileReference; lastKnownFileType = folder.assetcatalog; path = Assets.xcassets; sourceTree = "<group>"; };
		2EB1584428C5E80600FBA086 /* Base */ = {isa = PBXFileReference; lastKnownFileType = file.storyboard; name = Base; path = Base.lproj/LaunchScreen.storyboard; sourceTree = "<group>"; };
		2EB1584628C5E80600FBA086 /* Info.plist */ = {isa = PBXFileReference; lastKnownFileType = text.plist.xml; path = Info.plist; sourceTree = "<group>"; };
		2EB1584F28C5E8B500FBA086 /* HelloScript.swift */ = {isa = PBXFileReference; lastKnownFileType = sourcecode.swift; path = HelloScript.swift; sourceTree = "<group>"; };
		2EB1585128C5E99800FBA086 /* remoteData.json */ = {isa = PBXFileReference; lastKnownFileType = text.json; path = remoteData.json; sourceTree = "<group>"; };
		2EB1585428C5EA4100FBA086 /* IncBuildNumber.swift */ = {isa = PBXFileReference; fileEncoding = 4; lastKnownFileType = sourcecode.swift; path = IncBuildNumber.swift; sourceTree = "<group>"; };
/* End PBXFileReference section */

/* Begin PBXFrameworksBuildPhase section */
		2EB1583228C5E80400FBA086 /* Frameworks */ = {
			isa = PBXFrameworksBuildPhase;
			buildActionMask = 2147483647;
			files = (
			);
			runOnlyForDeploymentPostprocessing = 0;
		};
/* End PBXFrameworksBuildPhase section */

/* Begin PBXGroup section */
		2EB1582C28C5E80400FBA086 = {
			isa = PBXGroup;
			children = (
				2EB1585128C5E99800FBA086 /* remoteData.json */,
				2EB1584E28C5E89F00FBA086 /* Scripts */,
				2EB1583728C5E80400FBA086 /* BuildPhraseScript */,
				2EB1583628C5E80400FBA086 /* Products */,
			);
			sourceTree = "<group>";
		};
		2EB1583628C5E80400FBA086 /* Products */ = {
			isa = PBXGroup;
			children = (
				2EB1583528C5E80400FBA086 /* BuildPhraseScript.app */,
			);
			name = Products;
			sourceTree = "<group>";
		};
		2EB1583728C5E80400FBA086 /* BuildPhraseScript */ = {
			isa = PBXGroup;
			children = (
				2EB1583828C5E80400FBA086 /* AppDelegate.swift */,
				2EB1583A28C5E80400FBA086 /* SceneDelegate.swift */,
				2EB1583C28C5E80400FBA086 /* ViewController.swift */,
				2EB1583E28C5E80400FBA086 /* Main.storyboard */,
				2EB1584128C5E80600FBA086 /* Assets.xcassets */,
				2EB1584328C5E80600FBA086 /* LaunchScreen.storyboard */,
				2EB1584628C5E80600FBA086 /* Info.plist */,
			);
			path = BuildPhraseScript;
			sourceTree = "<group>";
		};
		2EB1584E28C5E89F00FBA086 /* Scripts */ = {
			isa = PBXGroup;
			children = (
				2EB1584F28C5E8B500FBA086 /* HelloScript.swift */,
				2EB1585428C5EA4100FBA086 /* IncBuildNumber.swift */,
			);
			path = Scripts;
			sourceTree = "<group>";
		};
/* End PBXGroup section */

/* Begin PBXNativeTarget section */
		2EB1583428C5E80400FBA086 /* BuildPhraseScript */ = {
			isa = PBXNativeTarget;
			buildConfigurationList = 2EB1584928C5E80600FBA086 /* Build configuration list for PBXNativeTarget "BuildPhraseScript" */;
			buildPhases = (
				2E8A1E1628C5F2A3008E112E /* Debug Script */,
				2E8A1E1728C5F376008E112E /* Auto Increment Script */,
				2EB1583128C5E80400FBA086 /* Sources */,
				2EB1583228C5E80400FBA086 /* Frameworks */,
				2EB1583328C5E80400FBA086 /* Resources */,
				2E8A1E1828C5F4A1008E112E /* Download Remote Data Script */,
			);
			buildRules = (
			);
			dependencies = (
			);
			name = BuildPhraseScript;
			productName = BuildPhraseScript;
			productReference = 2EB1583528C5E80400FBA086 /* BuildPhraseScript.app */;
			productType = "com.apple.product-type.application";
		};
/* End PBXNativeTarget section */

/* Begin PBXProject section */
		2EB1582D28C5E80400FBA086 /* Project object */ = {
			isa = PBXProject;
			attributes = {
				BuildIndependentTargetsInParallel = 1;
				LastSwiftUpdateCheck = 1340;
				LastUpgradeCheck = 1340;
				TargetAttributes = {
					2EB1583428C5E80400FBA086 = {
						CreatedOnToolsVersion = 13.4.1;
					};
				};
			};
			buildConfigurationList = 2EB1583028C5E80400FBA086 /* Build configuration list for PBXProject "BuildPhraseScript" */;
			compatibilityVersion = "Xcode 13.0";
			developmentRegion = en;
			hasScannedForEncodings = 0;
			knownRegions = (
				en,
				Base,
			);
			mainGroup = 2EB1582C28C5E80400FBA086;
			productRefGroup = 2EB1583628C5E80400FBA086 /* Products */;
			projectDirPath = "";
			projectRoot = "";
			targets = (
				2EB1583428C5E80400FBA086 /* BuildPhraseScript */,
			);
		};
/* End PBXProject section */

/* Begin PBXResourcesBuildPhase section */
		2EB1583328C5E80400FBA086 /* Resources */ = {
			isa = PBXResourcesBuildPhase;
			buildActionMask = 2147483647;
			files = (
				2E99080028C7404100F84A2F /* remoteData.json in Resources */,
				2EB1584528C5E80600FBA086 /* LaunchScreen.storyboard in Resources */,
				2EB1584228C5E80600FBA086 /* Assets.xcassets in Resources */,
				2EB1584028C5E80400FBA086 /* Main.storyboard in Resources */,
			);
			runOnlyForDeploymentPostprocessing = 0;
		};
/* End PBXResourcesBuildPhase section */

/* Begin PBXShellScriptBuildPhase section */
		2E8A1E1628C5F2A3008E112E /* Debug Script */ = {
			isa = PBXShellScriptBuildPhase;
			buildActionMask = 2147483647;
			files = (
			);
			inputFileListPaths = (
			);
			inputPaths = (
				"$(SRCROOT)/Scripts/HelloScript.swift",
			);
			name = "Debug Script";
			outputFileListPaths = (
			);
			outputPaths = (
			);
			runOnlyForDeploymentPostprocessing = 0;
			shellPath = /bin/sh;
			shellScript = "xcrun --sdk macosx swiftc -parse-as-library $SCRIPT_INPUT_FILE_0 \\\n  -o CompiledScript\n    echo \"$SCRIPT_INPUT_FILE_0\"\n    echo \"${BUILT_PRODUCTS_DIR}/${PRODUCT_NAME}\"\n./CompiledScript\n";
		};
		2E8A1E1728C5F376008E112E /* Auto Increment Script */ = {
			isa = PBXShellScriptBuildPhase;
			buildActionMask = 2147483647;
			files = (
			);
			inputFileListPaths = (
			);
			inputPaths = (
				"$(SRCROOT)/Scripts/IncBuildNumber.swift",
			);
			name = "Auto Increment Script";
			outputFileListPaths = (
			);
			outputPaths = (
			);
			runOnlyForDeploymentPostprocessing = 0;
			shellPath = /bin/sh;
			shellScript = "xcrun --sdk macosx swiftc -parse-as-library $SCRIPT_INPUT_FILE_0 \\\n  -o IncrementAppVersionScript\n  ./IncrementAppVersionScript\n";
		};
		2E8A1E1828C5F4A1008E112E /* Download Remote Data Script */ = {
			isa = PBXShellScriptBuildPhase;
			buildActionMask = 2147483647;
			files = (
			);
			inputFileListPaths = (
			);
			inputPaths = (
			);
			name = "Download Remote Data Script";
			outputFileListPaths = (
			);
			outputPaths = (
			);
			runOnlyForDeploymentPostprocessing = 0;
			shellPath = /bin/sh;
			shellScript = "data = $(curl -o ${BUILT_PRODUCTS_DIR}/${PRODUCT_NAME}.app/remoteData.json \"https://api.github.com/search/repositories\"\n);\n\n\nif [ -n \"$data\" ];\nthen\necho \"warning: latest.json can NOT download now, $data\" > ${BUILT_PRODUCTS_DIR}/${PRODUCT_NAME}.app/latest.json;\nfi\n";
		};
/* End PBXShellScriptBuildPhase section */

/* Begin PBXSourcesBuildPhase section */
		2EB1583128C5E80400FBA086 /* Sources */ = {
			isa = PBXSourcesBuildPhase;
			buildActionMask = 2147483647;
			files = (
				2EB1583D28C5E80400FBA086 /* ViewController.swift in Sources */,
				2EB1583928C5E80400FBA086 /* AppDelegate.swift in Sources */,
				2EB1583B28C5E80400FBA086 /* SceneDelegate.swift in Sources */,
			);
			runOnlyForDeploymentPostprocessing = 0;
		};
/* End PBXSourcesBuildPhase section */

/* Begin PBXVariantGroup section */
		2EB1583E28C5E80400FBA086 /* Main.storyboard */ = {
			isa = PBXVariantGroup;
			children = (
				2EB1583F28C5E80400FBA086 /* Base */,
			);
			name = Main.storyboard;
			sourceTree = "<group>";
		};
		2EB1584328C5E80600FBA086 /* LaunchScreen.storyboard */ = {
			isa = PBXVariantGroup;
			children = (
				2EB1584428C5E80600FBA086 /* Base */,
			);
			name = LaunchScreen.storyboard;
			sourceTree = "<group>";
		};
/* End PBXVariantGroup section */

/* Begin XCBuildConfiguration section */
		2EB1584728C5E80600FBA086 /* Debug */ = {
			isa = XCBuildConfiguration;
			buildSettings = {
				ALWAYS_SEARCH_USER_PATHS = NO;
				CLANG_ANALYZER_NONNULL = YES;
				CLANG_ANALYZER_NUMBER_OBJECT_CONVERSION = YES_AGGRESSIVE;
				CLANG_CXX_LANGUAGE_STANDARD = "gnu++17";
				CLANG_ENABLE_MODULES = YES;
				CLANG_ENABLE_OBJC_ARC = YES;
				CLANG_ENABLE_OBJC_WEAK = YES;
				CLANG_WARN_BLOCK_CAPTURE_AUTORELEASING = YES;
				CLANG_WARN_BOOL_CONVERSION = YES;
				CLANG_WARN_COMMA = YES;
				CLANG_WARN_CONSTANT_CONVERSION = YES;
				CLANG_WARN_DEPRECATED_OBJC_IMPLEMENTATIONS = YES;
				CLANG_WARN_DIRECT_OBJC_ISA_USAGE = YES_ERROR;
				CLANG_WARN_DOCUMENTATION_COMMENTS = YES;
				CLANG_WARN_EMPTY_BODY = YES;
				CLANG_WARN_ENUM_CONVERSION = YES;
				CLANG_WARN_INFINITE_RECURSION = YES;
				CLANG_WARN_INT_CONVERSION = YES;
				CLANG_WARN_NON_LITERAL_NULL_CONVERSION = YES;
				CLANG_WARN_OBJC_IMPLICIT_RETAIN_SELF = YES;
				CLANG_WARN_OBJC_LITERAL_CONVERSION = YES;
				CLANG_WARN_OBJC_ROOT_CLASS = YES_ERROR;
				CLANG_WARN_QUOTED_INCLUDE_IN_FRAMEWORK_HEADER = YES;
				CLANG_WARN_RANGE_LOOP_ANALYSIS = YES;
				CLANG_WARN_STRICT_PROTOTYPES = YES;
				CLANG_WARN_SUSPICIOUS_MOVE = YES;
				CLANG_WARN_UNGUARDED_AVAILABILITY = YES_AGGRESSIVE;
				CLANG_WARN_UNREACHABLE_CODE = YES;
				CLANG_WARN__DUPLICATE_METHOD_MATCH = YES;
				COPY_PHASE_STRIP = NO;
				DEBUG_INFORMATION_FORMAT = dwarf;
				ENABLE_STRICT_OBJC_MSGSEND = YES;
				ENABLE_TESTABILITY = YES;
				GCC_C_LANGUAGE_STANDARD = gnu11;
				GCC_DYNAMIC_NO_PIC = NO;
				GCC_NO_COMMON_BLOCKS = YES;
				GCC_OPTIMIZATION_LEVEL = 0;
				GCC_PREPROCESSOR_DEFINITIONS = (
					"DEBUG=1",
					"$(inherited)",
				);
				GCC_WARN_64_TO_32_BIT_CONVERSION = YES;
				GCC_WARN_ABOUT_RETURN_TYPE = YES_ERROR;
				GCC_WARN_UNDECLARED_SELECTOR = YES;
				GCC_WARN_UNINITIALIZED_AUTOS = YES_AGGRESSIVE;
				GCC_WARN_UNUSED_FUNCTION = YES;
				GCC_WARN_UNUSED_VARIABLE = YES;
				IPHONEOS_DEPLOYMENT_TARGET = 15.5;
				MTL_ENABLE_DEBUG_INFO = INCLUDE_SOURCE;
				MTL_FAST_MATH = YES;
				ONLY_ACTIVE_ARCH = YES;
				SDKROOT = iphoneos;
				SWIFT_ACTIVE_COMPILATION_CONDITIONS = DEBUG;
				SWIFT_OPTIMIZATION_LEVEL = "-Onone";
			};
			name = Debug;
		};
		2EB1584828C5E80600FBA086 /* Release */ = {
			isa = XCBuildConfiguration;
			buildSettings = {
				ALWAYS_SEARCH_USER_PATHS = NO;
				CLANG_ANALYZER_NONNULL = YES;
				CLANG_ANALYZER_NUMBER_OBJECT_CONVERSION = YES_AGGRESSIVE;
				CLANG_CXX_LANGUAGE_STANDARD = "gnu++17";
				CLANG_ENABLE_MODULES = YES;
				CLANG_ENABLE_OBJC_ARC = YES;
				CLANG_ENABLE_OBJC_WEAK = YES;
				CLANG_WARN_BLOCK_CAPTURE_AUTORELEASING = YES;
				CLANG_WARN_BOOL_CONVERSION = YES;
				CLANG_WARN_COMMA = YES;
				CLANG_WARN_CONSTANT_CONVERSION = YES;
				CLANG_WARN_DEPRECATED_OBJC_IMPLEMENTATIONS = YES;
				CLANG_WARN_DIRECT_OBJC_ISA_USAGE = YES_ERROR;
				CLANG_WARN_DOCUMENTATION_COMMENTS = YES;
				CLANG_WARN_EMPTY_BODY = YES;
				CLANG_WARN_ENUM_CONVERSION = YES;
				CLANG_WARN_INFINITE_RECURSION = YES;
				CLANG_WARN_INT_CONVERSION = YES;
				CLANG_WARN_NON_LITERAL_NULL_CONVERSION = YES;
				CLANG_WARN_OBJC_IMPLICIT_RETAIN_SELF = YES;
				CLANG_WARN_OBJC_LITERAL_CONVERSION = YES;
				CLANG_WARN_OBJC_ROOT_CLASS = YES_ERROR;
				CLANG_WARN_QUOTED_INCLUDE_IN_FRAMEWORK_HEADER = YES;
				CLANG_WARN_RANGE_LOOP_ANALYSIS = YES;
				CLANG_WARN_STRICT_PROTOTYPES = YES;
				CLANG_WARN_SUSPICIOUS_MOVE = YES;
				CLANG_WARN_UNGUARDED_AVAILABILITY = YES_AGGRESSIVE;
				CLANG_WARN_UNREACHABLE_CODE = YES;
				CLANG_WARN__DUPLICATE_METHOD_MATCH = YES;
				COPY_PHASE_STRIP = NO;
				DEBUG_INFORMATION_FORMAT = "dwarf-with-dsym";
				ENABLE_NS_ASSERTIONS = NO;
				ENABLE_STRICT_OBJC_MSGSEND = YES;
				GCC_C_LANGUAGE_STANDARD = gnu11;
				GCC_NO_COMMON_BLOCKS = YES;
				GCC_WARN_64_TO_32_BIT_CONVERSION = YES;
				GCC_WARN_ABOUT_RETURN_TYPE = YES_ERROR;
				GCC_WARN_UNDECLARED_SELECTOR = YES;
				GCC_WARN_UNINITIALIZED_AUTOS = YES_AGGRESSIVE;
				GCC_WARN_UNUSED_FUNCTION = YES;
				GCC_WARN_UNUSED_VARIABLE = YES;
				IPHONEOS_DEPLOYMENT_TARGET = 15.5;
				MTL_ENABLE_DEBUG_INFO = NO;
				MTL_FAST_MATH = YES;
				SDKROOT = iphoneos;
				SWIFT_COMPILATION_MODE = wholemodule;
				SWIFT_OPTIMIZATION_LEVEL = "-O";
				VALIDATE_PRODUCT = YES;
			};
			name = Release;
		};
		2EB1584A28C5E80600FBA086 /* Debug */ = {
			isa = XCBuildConfiguration;
			buildSettings = {
				ASSETCATALOG_COMPILER_APPICON_NAME = AppIcon;
				ASSETCATALOG_COMPILER_GLOBAL_ACCENT_COLOR_NAME = AccentColor;
				CODE_SIGN_STYLE = Automatic;
				CURRENT_PROJECT_VERSION = 1;
				DEVELOPMENT_TEAM = 9F2D4H2CZL;
				GENERATE_INFOPLIST_FILE = YES;
				INFOPLIST_FILE = BuildPhraseScript/Info.plist;
				INFOPLIST_KEY_UIApplicationSupportsIndirectInputEvents = YES;
				INFOPLIST_KEY_UILaunchStoryboardName = LaunchScreen;
				INFOPLIST_KEY_UIMainStoryboardFile = Main;
				INFOPLIST_KEY_UISupportedInterfaceOrientations_iPad = "UIInterfaceOrientationPortrait UIInterfaceOrientationPortraitUpsideDown UIInterfaceOrientationLandscapeLeft UIInterfaceOrientationLandscapeRight";
				INFOPLIST_KEY_UISupportedInterfaceOrientations_iPhone = "UIInterfaceOrientationPortrait UIInterfaceOrientationLandscapeLeft UIInterfaceOrientationLandscapeRight";
				LD_RUNPATH_SEARCH_PATHS = (
					"$(inherited)",
					"@executable_path/Frameworks",
				);
				MARKETING_VERSION = 1.0;
				PRODUCT_BUNDLE_IDENTIFIER = none.BuildPhraseScript;
				PRODUCT_NAME = "$(TARGET_NAME)";
				SWIFT_EMIT_LOC_STRINGS = YES;
				SWIFT_VERSION = 5.0;
				TARGETED_DEVICE_FAMILY = "1,2";
			};
			name = Debug;
		};
		2EB1584B28C5E80600FBA086 /* Release */ = {
			isa = XCBuildConfiguration;
			buildSettings = {
				ASSETCATALOG_COMPILER_APPICON_NAME = AppIcon;
				ASSETCATALOG_COMPILER_GLOBAL_ACCENT_COLOR_NAME = AccentColor;
				CODE_SIGN_STYLE = Automatic;
				CURRENT_PROJECT_VERSION = 1;
				DEVELOPMENT_TEAM = 9F2D4H2CZL;
				GENERATE_INFOPLIST_FILE = YES;
				INFOPLIST_FILE = BuildPhraseScript/Info.plist;
				INFOPLIST_KEY_UIApplicationSupportsIndirectInputEvents = YES;
				INFOPLIST_KEY_UILaunchStoryboardName = LaunchScreen;
				INFOPLIST_KEY_UIMainStoryboardFile = Main;
				INFOPLIST_KEY_UISupportedInterfaceOrientations_iPad = "UIInterfaceOrientationPortrait UIInterfaceOrientationPortraitUpsideDown UIInterfaceOrientationLandscapeLeft UIInterfaceOrientationLandscapeRight";
				INFOPLIST_KEY_UISupportedInterfaceOrientations_iPhone = "UIInterfaceOrientationPortrait UIInterfaceOrientationLandscapeLeft UIInterfaceOrientationLandscapeRight";
				LD_RUNPATH_SEARCH_PATHS = (
					"$(inherited)",
					"@executable_path/Frameworks",
				);
				MARKETING_VERSION = 1.0;
				PRODUCT_BUNDLE_IDENTIFIER = none.BuildPhraseScript;
				PRODUCT_NAME = "$(TARGET_NAME)";
				SWIFT_EMIT_LOC_STRINGS = YES;
				SWIFT_VERSION = 5.0;
				TARGETED_DEVICE_FAMILY = "1,2";
			};
			name = Release;
		};
/* End XCBuildConfiguration section */

/* Begin XCConfigurationList section */
		2EB1583028C5E80400FBA086 /* Build configuration list for PBXProject "BuildPhraseScript" */ = {
			isa = XCConfigurationList;
			buildConfigurations = (
				2EB1584728C5E80600FBA086 /* Debug */,
				2EB1584828C5E80600FBA086 /* Release */,
			);
			defaultConfigurationIsVisible = 0;
			defaultConfigurationName = Release;
		};
		2EB1584928C5E80600FBA086 /* Build configuration list for PBXNativeTarget "BuildPhraseScript" */ = {
			isa = XCConfigurationList;
			buildConfigurations = (
				2EB1584A28C5E80600FBA086 /* Debug */,
				2EB1584B28C5E80600FBA086 /* Release */,
			);
			defaultConfigurationIsVisible = 0;
			defaultConfigurationName = Release;
		};
/* End XCConfigurationList section */
	};
	rootObject = 2EB1582D28C5E80400FBA086 /* Project object */;
}
